
Microsoft Visual Studio Solution File, Format Version 12.00
# Visual Studio Version 17
VisualStudioVersion = 17.5.33530.505
MinimumVisualStudioVersion = 10.0.40219.1
Project("{8BC9CEB8-8B4A-11D0-8D11-00A0C91BC942}") = "Flappy BIrd", "Flappy BIrd\Flappy BIrd.vcxproj", "{B3A30227-12B6-4F70-8010-7207EEAFF41F}"
EndProject
Global
	GlobalSection(SolutionConfigurationPlatforms) = preSolution
		Debug|x64 = Debug|x64
		Debug|x86 = Debug|x86
		Release|x64 = Release|x64
		Release|x86 = Release|x86
	EndGlobalSection
	GlobalSection(ProjectConfigurationPlatforms) = postSolution
		{B3A30227-12B6-4F70-8010-7207EEAFF41F}.Debug|x64.ActiveCfg = Debug|x64
		{B3A30227-12B6-4F70-8010-7207EEAFF41F}.Debug|x64.Build.0 = Debug|x64
		{B3A30227-12B6-4F70-8010-7207EEAFF41F}.Debug|x86.ActiveCfg = Debug|Win32
		{B3A30227-12B6-4F70-8010-7207EEAFF41F}.Debug|x86.Build.0 = Debug|Win32
		{B3A30227-12B6-4F70-8010-7207EEAFF41F}.Release|x64.ActiveCfg = Release|x64
		{B3A30227-12B6-4F70-8010-7207EEAFF41F}.Release|x64.Build.0 = Release|x64
		{B3A30227-12B6-4F70-8010-7207EEAFF41F}.Release|x86.ActiveCfg = Release|Win32
		{B3A30227-12B6-4F70-8010-7207EEAFF41F}.Release|x86.Build.0 = Release|Win32
	EndGlobalSection
	GlobalSection(SolutionProperties) = preSolution
		HideSolutionNode = FALSE
	EndGlobalSection
	GlobalSection(ExtensibilityGlobals) = postSolution
		SolutionGuid = {238676F2-2BCA-40A4-8CBA-38FD0A2D4109}
	EndGlobalSection
EndGlobal
